
Microsoft Visual Studio Solution File, Format Version 12.00
# Visual Studio Version 17
VisualStudioVersion = 17.2.32630.192
MinimumVisualStudioVersion = 10.0.40219.1
Project("{9A19103F-16F7-4668-BE54-9A1E7A4F7556}") = "MangaDexSharp", "MangaDexSharp\MangaDexSharp.csproj", "{A337FEE8-86DE-405B-9394-123EAC782BA2}"
EndProject
Project("{9A19103F-16F7-4668-BE54-9A1E7A4F7556}") = "MangaDexSharp.Cli", "MangaDexSharp.Cli\MangaDexSharp.Cli.csproj", "{E2BA6C78-048B-4649-A7B2-D28C2DC69708}"
EndProject
Project("{9A19103F-16F7-4668-BE54-9A1E7A4F7556}") = "MangaDexSharp.OAuthLocal.Web", "MangaDexSharp.OAuthLocal.Web\MangaDexSharp.OAuthLocal.Web.csproj", "{42298204-E183-426F-98CC-1FCB49AA1B6D}"
EndProject
Project("{9A19103F-16F7-4668-BE54-9A1E7A4F7556}") = "MangaDexSharp.UpdatesPoll", "MangaDexSharp.UpdatesPoll\MangaDexSharp.UpdatesPoll.csproj", "{70686F17-80CE-41E5-BEAB-6A32C61D195D}"
EndProject
Project("{2150E333-8FDC-42A3-9474-1A3956D46DE8}") = "Solution Items", "Solution Items", "{0AD13D99-48B6-45A1-B479-3AE7B29E1B2F}"
	ProjectSection(SolutionItems) = preProject
		..\.gitignore = ..\.gitignore
		..\icon.jpg = ..\icon.jpg
		..\LICENSE = ..\LICENSE
		..\.github\workflows\main.yml = ..\.github\workflows\main.yml
		..\README.md = ..\README.md
	EndProjectSection
EndProject
Project("{FAE04EC0-301F-11D3-BF4B-00C04F79EFBC}") = "MangaDexSharp.Utilities.Cli", "MangaDexSharp.Utilities.Cli\MangaDexSharp.Utilities.Cli.csproj", "{6048923B-711D-4375-A6D3-34449A0FD8CD}"
EndProject
Project("{2150E333-8FDC-42A3-9474-1A3956D46DE8}") = "Utilities", "Utilities", "{C2A9AE7D-B515-4C8C-80C3-C3786784D698}"
EndProject
Project("{2150E333-8FDC-42A3-9474-1A3956D46DE8}") = "Tests", "Tests", "{291B57E7-1976-458E-9FF0-6AF336418815}"
EndProject
Project("{FAE04EC0-301F-11D3-BF4B-00C04F79EFBC}") = "MangaDexSharp.Utilities", "MangaDexSharp.Utilities\MangaDexSharp.Utilities.csproj", "{3E504C5C-BFFF-4541-97C8-135CAAB22374}"
EndProject
Global
	GlobalSection(SolutionConfigurationPlatforms) = preSolution
		Debug|Any CPU = Debug|Any CPU
		Release|Any CPU = Release|Any CPU
	EndGlobalSection
	GlobalSection(ProjectConfigurationPlatforms) = postSolution
		{A337FEE8-86DE-405B-9394-123EAC782BA2}.Debug|Any CPU.ActiveCfg = Debug|Any CPU
		{A337FEE8-86DE-405B-9394-123EAC782BA2}.Debug|Any CPU.Build.0 = Debug|Any CPU
		{A337FEE8-86DE-405B-9394-123EAC782BA2}.Release|Any CPU.ActiveCfg = Release|Any CPU
		{A337FEE8-86DE-405B-9394-123EAC782BA2}.Release|Any CPU.Build.0 = Release|Any CPU
		{E2BA6C78-048B-4649-A7B2-D28C2DC69708}.Debug|Any CPU.ActiveCfg = Debug|Any CPU
		{E2BA6C78-048B-4649-A7B2-D28C2DC69708}.Debug|Any CPU.Build.0 = Debug|Any CPU
		{E2BA6C78-048B-4649-A7B2-D28C2DC69708}.Release|Any CPU.ActiveCfg = Release|Any CPU
		{E2BA6C78-048B-4649-A7B2-D28C2DC69708}.Release|Any CPU.Build.0 = Release|Any CPU
		{42298204-E183-426F-98CC-1FCB49AA1B6D}.Debug|Any CPU.ActiveCfg = Debug|Any CPU
		{42298204-E183-426F-98CC-1FCB49AA1B6D}.Debug|Any CPU.Build.0 = Debug|Any CPU
		{42298204-E183-426F-98CC-1FCB49AA1B6D}.Release|Any CPU.ActiveCfg = Release|Any CPU
		{42298204-E183-426F-98CC-1FCB49AA1B6D}.Release|Any CPU.Build.0 = Release|Any CPU
		{70686F17-80CE-41E5-BEAB-6A32C61D195D}.Debug|Any CPU.ActiveCfg = Debug|Any CPU
		{70686F17-80CE-41E5-BEAB-6A32C61D195D}.Debug|Any CPU.Build.0 = Debug|Any CPU
		{70686F17-80CE-41E5-BEAB-6A32C61D195D}.Release|Any CPU.ActiveCfg = Release|Any CPU
		{70686F17-80CE-41E5-BEAB-6A32C61D195D}.Release|Any CPU.Build.0 = Release|Any CPU
		{6048923B-711D-4375-A6D3-34449A0FD8CD}.Debug|Any CPU.ActiveCfg = Debug|Any CPU
		{6048923B-711D-4375-A6D3-34449A0FD8CD}.Debug|Any CPU.Build.0 = Debug|Any CPU
		{6048923B-711D-4375-A6D3-34449A0FD8CD}.Release|Any CPU.ActiveCfg = Release|Any CPU
		{6048923B-711D-4375-A6D3-34449A0FD8CD}.Release|Any CPU.Build.0 = Release|Any CPU
		{3E504C5C-BFFF-4541-97C8-135CAAB22374}.Debug|Any CPU.ActiveCfg = Debug|Any CPU
		{3E504C5C-BFFF-4541-97C8-135CAAB22374}.Debug|Any CPU.Build.0 = Debug|Any CPU
		{3E504C5C-BFFF-4541-97C8-135CAAB22374}.Release|Any CPU.ActiveCfg = Release|Any CPU
		{3E504C5C-BFFF-4541-97C8-135CAAB22374}.Release|Any CPU.Build.0 = Release|Any CPU
	EndGlobalSection
	GlobalSection(SolutionProperties) = preSolution
		HideSolutionNode = FALSE
	EndGlobalSection
	GlobalSection(NestedProjects) = preSolution
		{E2BA6C78-048B-4649-A7B2-D28C2DC69708} = {291B57E7-1976-458E-9FF0-6AF336418815}
		{42298204-E183-426F-98CC-1FCB49AA1B6D} = {291B57E7-1976-458E-9FF0-6AF336418815}
		{70686F17-80CE-41E5-BEAB-6A32C61D195D} = {C2A9AE7D-B515-4C8C-80C3-C3786784D698}
		{6048923B-711D-4375-A6D3-34449A0FD8CD} = {C2A9AE7D-B515-4C8C-80C3-C3786784D698}
		{3E504C5C-BFFF-4541-97C8-135CAAB22374} = {C2A9AE7D-B515-4C8C-80C3-C3786784D698}
	EndGlobalSection
	GlobalSection(ExtensibilityGlobals) = postSolution
		SolutionGuid = {073A21EC-20C2-4268-910E-27C3E4B107CC}
	EndGlobalSection
EndGlobal
